
Microsoft Visual Studio Solution File, Format Version 12.00
# Visual Studio Version 17
VisualStudioVersion = 17.9.34622.214
MinimumVisualStudioVersion = 10.0.40219.1
Project("{FAE04EC0-301F-11D3-BF4B-00C04F79EFBC}") = "CashierApplication", "CashierApplication\CashierApplication.csproj", "{4E04756A-DDF3-4380-96B0-5BC2060B4E23}"
EndProject
Global
	GlobalSection(SolutionConfigurationPlatforms) = preSolution
		Debug|Any CPU = Debug|Any CPU
		Release|Any CPU = Release|Any CPU
	EndGlobalSection
	GlobalSection(ProjectConfigurationPlatforms) = postSolution
		{4E04756A-DDF3-4380-96B0-5BC2060B4E23}.Debug|Any CPU.ActiveCfg = Debug|Any CPU
		{4E04756A-DDF3-4380-96B0-5BC2060B4E23}.Debug|Any CPU.Build.0 = Debug|Any CPU
		{4E04756A-DDF3-4380-96B0-5BC2060B4E23}.Release|Any CPU.ActiveCfg = Release|Any CPU
		{4E04756A-DDF3-4380-96B0-5BC2060B4E23}.Release|Any CPU.Build.0 = Release|Any CPU
	EndGlobalSection
	GlobalSection(SolutionProperties) = preSolution
		HideSolutionNode = FALSE
	EndGlobalSection
	GlobalSection(ExtensibilityGlobals) = postSolution
		SolutionGuid = {D3776C0D-2A95-425F-98E0-AAA916771428}
	EndGlobalSection
EndGlobal
